
Microsoft Visual Studio Solution File, Format Version 12.00
# Visual Studio Version 17
VisualStudioVersion = 17.10.35027.167
MinimumVisualStudioVersion = 10.0.40219.1
Project("{FAE04EC0-301F-11D3-BF4B-00C04F79EFBC}") = "MoneyManager", "MoneyManager\MoneyManager.csproj", "{F45F3620-AE91-42E2-BDB1-63F707A41113}"
EndProject
Global
	GlobalSection(SolutionConfigurationPlatforms) = preSolution
		Debug|Any CPU = Debug|Any CPU
		Release|Any CPU = Release|Any CPU
	EndGlobalSection
	GlobalSection(ProjectConfigurationPlatforms) = postSolution
		{F45F3620-AE91-42E2-BDB1-63F707A41113}.Debug|Any CPU.ActiveCfg = Debug|Any CPU
		{F45F3620-AE91-42E2-BDB1-63F707A41113}.Debug|Any CPU.Build.0 = Debug|Any CPU
		{F45F3620-AE91-42E2-BDB1-63F707A41113}.Debug|Any CPU.Deploy.0 = Debug|Any CPU
		{F45F3620-AE91-42E2-BDB1-63F707A41113}.Release|Any CPU.ActiveCfg = Release|Any CPU
		{F45F3620-AE91-42E2-BDB1-63F707A41113}.Release|Any CPU.Build.0 = Release|Any CPU
		{F45F3620-AE91-42E2-BDB1-63F707A41113}.Release|Any CPU.Deploy.0 = Release|Any CPU
	EndGlobalSection
	GlobalSection(SolutionProperties) = preSolution
		HideSolutionNode = FALSE
	EndGlobalSection
	GlobalSection(ExtensibilityGlobals) = postSolution
		SolutionGuid = {DFB0C2B4-2B01-4C38-B45E-FAD1EF694928}
	EndGlobalSection
EndGlobal
